
Microsoft Visual Studio Solution File, Format Version 12.00
# Visual Studio 15
VisualStudioVersion = 15.0.26403.7
MinimumVisualStudioVersion = 10.0.40219.1
Project("{FAE04EC0-301F-11D3-BF4B-00C04F79EFBC}") = "7MinutesInHELL", "7MinutesInHELL\7MinutesInHELL.csproj", "{873FC5A6-5514-4523-BC51-D2D26C86592D}"
EndProject
Global
	GlobalSection(SolutionConfigurationPlatforms) = preSolution
		Debug|Any CPU = Debug|Any CPU
		Release|Any CPU = Release|Any CPU
	EndGlobalSection
	GlobalSection(ProjectConfigurationPlatforms) = postSolution
		{873FC5A6-5514-4523-BC51-D2D26C86592D}.Debug|Any CPU.ActiveCfg = Debug|Any CPU
		{873FC5A6-5514-4523-BC51-D2D26C86592D}.Debug|Any CPU.Build.0 = Debug|Any CPU
		{873FC5A6-5514-4523-BC51-D2D26C86592D}.Release|Any CPU.ActiveCfg = Release|Any CPU
		{873FC5A6-5514-4523-BC51-D2D26C86592D}.Release|Any CPU.Build.0 = Release|Any CPU
	EndGlobalSection
	GlobalSection(SolutionProperties) = preSolution
		HideSolutionNode = FALSE
	EndGlobalSection
EndGlobal
